
Microsoft Visual Studio Solution File, Format Version 12.00
Project("{FAE04EC0-301F-11D3-BF4B-00C04F79EFBC}") = "Aco228.JsonTokenAttribute.Tests", "Aco228.JsonTokenAttribute.Tests\Aco228.JsonTokenAttribute.Tests.csproj", "{8D588E25-3D61-4802-BD29-441350DAF85F}"
EndProject
Project("{FAE04EC0-301F-11D3-BF4B-00C04F79EFBC}") = "Aco228.JsonToken", "..\src\Aco228.JsonToken\Aco228.JsonToken.csproj", "{FE0C5AA0-E4DC-488F-927F-503F7D768662}"
EndProject
Global
	GlobalSection(SolutionConfigurationPlatforms) = preSolution
		Debug|Any CPU = Debug|Any CPU
		Release|Any CPU = Release|Any CPU
	EndGlobalSection
	GlobalSection(ProjectConfigurationPlatforms) = postSolution
		{8D588E25-3D61-4802-BD29-441350DAF85F}.Debug|Any CPU.ActiveCfg = Debug|Any CPU
		{8D588E25-3D61-4802-BD29-441350DAF85F}.Debug|Any CPU.Build.0 = Debug|Any CPU
		{8D588E25-3D61-4802-BD29-441350DAF85F}.Release|Any CPU.ActiveCfg = Release|Any CPU
		{8D588E25-3D61-4802-BD29-441350DAF85F}.Release|Any CPU.Build.0 = Release|Any CPU
		{FE0C5AA0-E4DC-488F-927F-503F7D768662}.Debug|Any CPU.ActiveCfg = Debug|Any CPU
		{FE0C5AA0-E4DC-488F-927F-503F7D768662}.Debug|Any CPU.Build.0 = Debug|Any CPU
		{FE0C5AA0-E4DC-488F-927F-503F7D768662}.Release|Any CPU.ActiveCfg = Release|Any CPU
		{FE0C5AA0-E4DC-488F-927F-503F7D768662}.Release|Any CPU.Build.0 = Release|Any CPU
	EndGlobalSection
EndGlobal
